
Microsoft Visual Studio Solution File, Format Version 12.00
# Visual Studio Version 16
VisualStudioVersion = 16.0.28803.352
MinimumVisualStudioVersion = 10.0.40219.1
Project("{9A19103F-16F7-4668-BE54-9A1E7A4F7556}") = "LoadFiles", "LoadFiles.csproj", "{A5202EA1-D3E7-4037-BF08-98FAA791306F}"
EndProject
Project("{FAE04EC0-301F-11D3-BF4B-00C04F79EFBC}") = "TestFilesBackend", "..\TestLoadFilesBackend\TestFilesBackend.csproj", "{54818079-2FEB-4731-BA30-EEA80A8EAF3C}"
EndProject
Global
	GlobalSection(SolutionConfigurationPlatforms) = preSolution
		Debug|Any CPU = Debug|Any CPU
		Release|Any CPU = Release|Any CPU
	EndGlobalSection
	GlobalSection(ProjectConfigurationPlatforms) = postSolution
		{A5202EA1-D3E7-4037-BF08-98FAA791306F}.Debug|Any CPU.ActiveCfg = Debug|Any CPU
		{A5202EA1-D3E7-4037-BF08-98FAA791306F}.Debug|Any CPU.Build.0 = Debug|Any CPU
		{A5202EA1-D3E7-4037-BF08-98FAA791306F}.Release|Any CPU.ActiveCfg = Release|Any CPU
		{A5202EA1-D3E7-4037-BF08-98FAA791306F}.Release|Any CPU.Build.0 = Release|Any CPU
		{54818079-2FEB-4731-BA30-EEA80A8EAF3C}.Debug|Any CPU.ActiveCfg = Debug|Any CPU
		{54818079-2FEB-4731-BA30-EEA80A8EAF3C}.Debug|Any CPU.Build.0 = Debug|Any CPU
		{54818079-2FEB-4731-BA30-EEA80A8EAF3C}.Release|Any CPU.ActiveCfg = Release|Any CPU
		{54818079-2FEB-4731-BA30-EEA80A8EAF3C}.Release|Any CPU.Build.0 = Release|Any CPU
	EndGlobalSection
	GlobalSection(SolutionProperties) = preSolution
		HideSolutionNode = FALSE
	EndGlobalSection
	GlobalSection(ExtensibilityGlobals) = postSolution
		SolutionGuid = {0A0B1502-193A-40D7-9759-C8212BA8C9C8}
	EndGlobalSection
EndGlobal
